
Microsoft Visual Studio Solution File, Format Version 12.00
# Visual Studio Version 17
VisualStudioVersion = 17.2.32505.173
MinimumVisualStudioVersion = 10.0.40219.1
Project("{FAE04EC0-301F-11D3-BF4B-00C04F79EFBC}") = "Picture App", "Picture App\Picture App.csproj", "{C8638085-9240-4739-A7B2-E0A3B44F8F20}"
EndProject
Global
	GlobalSection(SolutionConfigurationPlatforms) = preSolution
		Debug|Any CPU = Debug|Any CPU
		Release|Any CPU = Release|Any CPU
	EndGlobalSection
	GlobalSection(ProjectConfigurationPlatforms) = postSolution
		{C8638085-9240-4739-A7B2-E0A3B44F8F20}.Debug|Any CPU.ActiveCfg = Debug|Any CPU
		{C8638085-9240-4739-A7B2-E0A3B44F8F20}.Debug|Any CPU.Build.0 = Debug|Any CPU
		{C8638085-9240-4739-A7B2-E0A3B44F8F20}.Release|Any CPU.ActiveCfg = Release|Any CPU
		{C8638085-9240-4739-A7B2-E0A3B44F8F20}.Release|Any CPU.Build.0 = Release|Any CPU
	EndGlobalSection
	GlobalSection(SolutionProperties) = preSolution
		HideSolutionNode = FALSE
	EndGlobalSection
	GlobalSection(ExtensibilityGlobals) = postSolution
		SolutionGuid = {735BF8F7-A696-4D4E-AC88-E1619B2AAD5A}
	EndGlobalSection
EndGlobal
